// !$*UTF8*$!
{
	archiveVersion = 1;
	classes = {
	};
	objectVersion = 110;
	objects = {

/* Begin PBXContainerItemProxy section */
		7767273B305FC75300445BE3 /* PBXContainerItemProxy */ = {
			isa = PBXContainerItemProxy;
			containerPortal = 77672725305FC75200445BE3 /* Project object */;
			proxyType = 1;
			remoteGlobalIDString = 7767272C305FC75200445BE3;
			remoteInfo = SortingGame;
		};
		77672745305FC75300445BE3 /* PBXContainerItemProxy */ = {
			isa = PBXContainerItemProxy;
			containerPortal = 77672725305FC75200445BE3 /* Project object */;
			proxyType = 1;
			remoteGlobalIDString = 7767272C305FC75200445BE3;
			remoteInfo = SortingGame;
		};
		7767279E305FCB2E00445BE3 /* PBXContainerItemProxy */ = {
			isa = PBXContainerItemProxy;
			containerPortal = 77672725305FC75200445BE3 /* Project object */;
			proxyType = 1;
			remoteGlobalIDString = 77672790305FCB2D00445BE3;
			remoteInfo = "SortingGame-iOS";
		};
		776727A8305FCB2E00445BE3 /* PBXContainerItemProxy */ = {
			isa = PBXContainerItemProxy;
			containerPortal = 77672725305FC75200445BE3 /* Project object */;
			proxyType = 1;
			remoteGlobalIDString = 77672790305FCB2D00445BE3;
			remoteInfo = "SortingGame-iOS";
		};
/* End PBXContainerItemProxy section */

/* Begin PBXFileReference section */
		7767272D305FC75200445BE3 /* SortingGame.app */ = {isa = PBXFileReference; explicitFileType = wrapper.application; includeInIndex = 0; path = SortingGame.app; sourceTree = BUILT_PRODUCTS_DIR; };
		7767273A305FC75300445BE3 /* SortingGameTests.xctest */ = {isa = PBXFileReference; explicitFileType = wrapper.cfbundle; includeInIndex = 0; path = SortingGameTests.xctest; sourceTree = BUILT_PRODUCTS_DIR; };
		77672744305FC75300445BE3 /* SortingGameUITests.xctest */ = {isa = PBXFileReference; explicitFileType = wrapper.cfbundle; includeInIndex = 0; path = SortingGameUITests.xctest; sourceTree = BUILT_PRODUCTS_DIR; };
		77672791305FCB2D00445BE3 /* SortingGame-iOS.app */ = {isa = PBXFileReference; explicitFileType = wrapper.application; includeInIndex = 0; path = "SortingGame-iOS.app"; sourceTree = BUILT_PRODUCTS_DIR; };
		7767279D305FCB2E00445BE3 /* SortingGame-iOSTests.xctest */ = {isa = PBXFileReference; explicitFileType = wrapper.cfbundle; includeInIndex = 0; path = "SortingGame-iOSTests.xctest"; sourceTree = BUILT_PRODUCTS_DIR; };
		776727A7305FCB2E00445BE3 /* SortingGame-iOSUITests.xctest */ = {isa = PBXFileReference; explicitFileType = wrapper.cfbundle; includeInIndex = 0; path = "SortingGame-iOSUITests.xctest"; sourceTree = BUILT_PRODUCTS_DIR; };
/* End PBXFileReference section */

/* Begin PBXFileSystemSynchronizedBuildFileExceptionSet section */
		77A10001305FC75200445B01 /* Exceptions for "SortingGame" folder in "SortingGame-iOS" target */ = {
			isa = PBXFileSystemSynchronizedBuildFileExceptionSet;
			membershipExceptions = (
				Assets.xcassets,
				SortingGameApp.swift,
			);
			target = 77672790305FCB2D00445BE3 /* SortingGame-iOS */;
		};
/* End PBXFileSystemSynchronizedBuildFileExceptionSet section */

/* Begin PBXFileSystemSynchronizedRootGroup section */
		7767272F305FC75200445BE3 /* SortingGame */ = {
			isa = PBXFileSystemSynchronizedRootGroup;
			exceptions = (
				77A10001305FC75200445B01 /* Exceptions for "SortingGame" folder in "SortingGame-iOS" target */,
			);
			path = SortingGame;
			sourceTree = "<group>";
		};
		7767273D305FC75300445BE3 /* SortingGameTests */ = {
			isa = PBXFileSystemSynchronizedRootGroup;
			path = SortingGameTests;
			sourceTree = "<group>";
		};
		77672747305FC75300445BE3 /* SortingGameUITests */ = {
			isa = PBXFileSystemSynchronizedRootGroup;
			path = SortingGameUITests;
			sourceTree = "<group>";
		};
		77672792305FCB2D00445BE3 /* SortingGame-iOS */ = {
			isa = PBXFileSystemSynchronizedRootGroup;
			path = "SortingGame-iOS";
			sourceTree = "<group>";
		};
		776727A0305FCB2E00445BE3 /* SortingGame-iOSTests */ = {
			isa = PBXFileSystemSynchronizedRootGroup;
			path = "SortingGame-iOSTests";
			sourceTree = "<group>";
		};
		776727AA305FCB2E00445BE3 /* SortingGame-iOSUITests */ = {
			isa = PBXFileSystemSynchronizedRootGroup;
			path = "SortingGame-iOSUITests";
			sourceTree = "<group>";
		};
/* End PBXFileSystemSynchronizedRootGroup section */

/* Begin PBXFrameworksBuildPhase section */
		7767272A305FC75200445BE3 /* Frameworks */ = {
			isa = PBXFrameworksBuildPhase;
			files = (
			);
		};
		77672737305FC75300445BE3 /* Frameworks */ = {
			isa = PBXFrameworksBuildPhase;
			files = (
			);
		};
		77672741305FC75300445BE3 /* Frameworks */ = {
			isa = PBXFrameworksBuildPhase;
			files = (
			);
		};
		7767278E305FCB2D00445BE3 /* Frameworks */ = {
			isa = PBXFrameworksBuildPhase;
			files = (
			);
		};
		7767279A305FCB2E00445BE3 /* Frameworks */ = {
			isa = PBXFrameworksBuildPhase;
			files = (
			);
		};
		776727A4305FCB2E00445BE3 /* Frameworks */ = {
			isa = PBXFrameworksBuildPhase;
			files = (
			);
		};
/* End PBXFrameworksBuildPhase section */

/* Begin PBXGroup section */
		77672724305FC75200445BE3 = {
			isa = PBXGroup;
			children = (
				7767272F305FC75200445BE3 /* SortingGame */,
				7767273D305FC75300445BE3 /* SortingGameTests */,
				77672747305FC75300445BE3 /* SortingGameUITests */,
				77672792305FCB2D00445BE3 /* SortingGame-iOS */,
				776727A0305FCB2E00445BE3 /* SortingGame-iOSTests */,
				776727AA305FCB2E00445BE3 /* SortingGame-iOSUITests */,
				7767272E305FC75200445BE3 /* Products */,
			);
			sourceTree = "<group>";
		};
		7767272E305FC75200445BE3 /* Products */ = {
			isa = PBXGroup;
			children = (
				7767272D305FC75200445BE3 /* SortingGame.app */,
				7767273A305FC75300445BE3 /* SortingGameTests.xctest */,
				77672744305FC75300445BE3 /* SortingGameUITests.xctest */,
				77672791305FCB2D00445BE3 /* SortingGame-iOS.app */,
				7767279D305FCB2E00445BE3 /* SortingGame-iOSTests.xctest */,
				776727A7305FCB2E00445BE3 /* SortingGame-iOSUITests.xctest */,
			);
			name = Products;
			sourceTree = "<group>";
		};
/* End PBXGroup section */

/* Begin PBXNativeTarget section */
		7767272C305FC75200445BE3 /* SortingGame */ = {
			isa = PBXNativeTarget;
			buildConfigurationList = 7767274C305FC75300445BE3 /* Build configuration list for PBXNativeTarget "SortingGame" */;
			buildPhases = (
				77672729305FC75200445BE3 /* Sources */,
				7767272A305FC75200445BE3 /* Frameworks */,
				7767272B305FC75200445BE3 /* Resources */,
			);
			buildRules = (
			);
			fileSystemSynchronizedGroups = (
				7767272F305FC75200445BE3 /* SortingGame */,
			);
			name = SortingGame;
			productName = SortingGame;
			productReference = 7767272D305FC75200445BE3 /* SortingGame.app */;
			productType = "com.apple.product-type.application";
		};
		77672739305FC75300445BE3 /* SortingGameTests */ = {
			isa = PBXNativeTarget;
			buildConfigurationList = 7767274F305FC75300445BE3 /* Build configuration list for PBXNativeTarget "SortingGameTests" */;
			buildPhases = (
				77672736305FC75300445BE3 /* Sources */,
				77672737305FC75300445BE3 /* Frameworks */,
				77672738305FC75300445BE3 /* Resources */,
			);
			buildRules = (
			);
			dependencies = (
				7767273C305FC75300445BE3 /* PBXTargetDependency */,
			);
			fileSystemSynchronizedGroups = (
				7767273D305FC75300445BE3 /* SortingGameTests */,
			);
			name = SortingGameTests;
			productName = SortingGameTests;
			productReference = 7767273A305FC75300445BE3 /* SortingGameTests.xctest */;
			productType = "com.apple.product-type.bundle.unit-test";
		};
		77672743305FC75300445BE3 /* SortingGameUITests */ = {
			isa = PBXNativeTarget;
			buildConfigurationList = 77672752305FC75300445BE3 /* Build configuration list for PBXNativeTarget "SortingGameUITests" */;
			buildPhases = (
				77672740305FC75300445BE3 /* Sources */,
				77672741305FC75300445BE3 /* Frameworks */,
				77672742305FC75300445BE3 /* Resources */,
			);
			buildRules = (
			);
			dependencies = (
				77672746305FC75300445BE3 /* PBXTargetDependency */,
			);
			fileSystemSynchronizedGroups = (
				77672747305FC75300445BE3 /* SortingGameUITests */,
			);
			name = SortingGameUITests;
			productName = SortingGameUITests;
			productReference = 77672744305FC75300445BE3 /* SortingGameUITests.xctest */;
			productType = "com.apple.product-type.bundle.ui-testing";
		};
		77672790305FCB2D00445BE3 /* SortingGame-iOS */ = {
			isa = PBXNativeTarget;
			buildConfigurationList = 776727B3305FCB2E00445BE3 /* Build configuration list for PBXNativeTarget "SortingGame-iOS" */;
			buildPhases = (
				7767278D305FCB2D00445BE3 /* Sources */,
				7767278E305FCB2D00445BE3 /* Frameworks */,
				7767278F305FCB2D00445BE3 /* Resources */,
			);
			buildRules = (
			);
			fileSystemSynchronizedGroups = (
				7767272F305FC75200445BE3 /* SortingGame */,
				77672792305FCB2D00445BE3 /* SortingGame-iOS */,
			);
			name = "SortingGame-iOS";
			productName = "SortingGame-iOS";
			productReference = 77672791305FCB2D00445BE3 /* SortingGame-iOS.app */;
			productType = "com.apple.product-type.application";
		};
		7767279C305FCB2E00445BE3 /* SortingGame-iOSTests */ = {
			isa = PBXNativeTarget;
			buildConfigurationList = 776727B4305FCB2E00445BE3 /* Build configuration list for PBXNativeTarget "SortingGame-iOSTests" */;
			buildPhases = (
				77672799305FCB2E00445BE3 /* Sources */,
				7767279A305FCB2E00445BE3 /* Frameworks */,
				7767279B305FCB2E00445BE3 /* Resources */,
			);
			buildRules = (
			);
			dependencies = (
				7767279F305FCB2E00445BE3 /* PBXTargetDependency */,
			);
			fileSystemSynchronizedGroups = (
				776727A0305FCB2E00445BE3 /* SortingGame-iOSTests */,
			);
			name = "SortingGame-iOSTests";
			productName = "SortingGame-iOSTests";
			productReference = 7767279D305FCB2E00445BE3 /* SortingGame-iOSTests.xctest */;
			productType = "com.apple.product-type.bundle.unit-test";
		};
		776727A6305FCB2E00445BE3 /* SortingGame-iOSUITests */ = {
			isa = PBXNativeTarget;
			buildConfigurationList = 776727B5305FCB2E00445BE3 /* Build configuration list for PBXNativeTarget "SortingGame-iOSUITests" */;
			buildPhases = (
				776727A3305FCB2E00445BE3 /* Sources */,
				776727A4305FCB2E00445BE3 /* Frameworks */,
				776727A5305FCB2E00445BE3 /* Resources */,
			);
			buildRules = (
			);
			dependencies = (
				776727A9305FCB2E00445BE3 /* PBXTargetDependency */,
			);
			fileSystemSynchronizedGroups = (
				776727AA305FCB2E00445BE3 /* SortingGame-iOSUITests */,
			);
			name = "SortingGame-iOSUITests";
			productName = "SortingGame-iOSUITests";
			productReference = 776727A7305FCB2E00445BE3 /* SortingGame-iOSUITests.xctest */;
			productType = "com.apple.product-type.bundle.ui-testing";
		};
/* End PBXNativeTarget section */

/* Begin PBXProject section */
		77672725305FC75200445BE3 /* Project object */ = {
			isa = PBXProject;
			attributes = {
				BuildIndependentTargetsInParallel = 1;
				LastSwiftUpdateCheck = 2700;
				LastUpgradeCheck = 2700;
				TargetAttributes = {
					7767272C305FC75200445BE3 = {
						CreatedOnToolsVersion = 27.0;
					};
					77672739305FC75300445BE3 = {
						CreatedOnToolsVersion = 27.0;
						TestTargetID = 7767272C305FC75200445BE3;
					};
					77672743305FC75300445BE3 = {
						CreatedOnToolsVersion = 27.0;
						TestTargetID = 7767272C305FC75200445BE3;
					};
					77672790305FCB2D00445BE3 = {
						CreatedOnToolsVersion = 27.0;
					};
					7767279C305FCB2E00445BE3 = {
						CreatedOnToolsVersion = 27.0;
						TestTargetID = 77672790305FCB2D00445BE3;
					};
					776727A6305FCB2E00445BE3 = {
						CreatedOnToolsVersion = 27.0;
						TestTargetID = 77672790305FCB2D00445BE3;
					};
				};
			};
			buildConfigurationList = 77672728305FC75200445BE3 /* Build configuration list for PBXProject "SortingGame" */;
			developmentRegion = en;
			hasScannedForEncodings = 0;
			knownRegions = (
				en,
				Base,
			);
			mainGroup = 77672724305FC75200445BE3;
			minimizedProjectReferenceProxies = 1;
			preferredProjectObjectVersion = 77;
			productRefGroup = 7767272E305FC75200445BE3 /* Products */;
			projectDirPath = "";
			projectRoot = "";
			targets = (
				7767272C305FC75200445BE3 /* SortingGame */,
				77672739305FC75300445BE3 /* SortingGameTests */,
				77672743305FC75300445BE3 /* SortingGameUITests */,
				77672790305FCB2D00445BE3 /* SortingGame-iOS */,
				7767279C305FCB2E00445BE3 /* SortingGame-iOSTests */,
				776727A6305FCB2E00445BE3 /* SortingGame-iOSUITests */,
			);
		};
/* End PBXProject section */

/* Begin PBXResourcesBuildPhase section */
		7767272B305FC75200445BE3 /* Resources */ = {
			isa = PBXResourcesBuildPhase;
			files = (
			);
		};
		77672738305FC75300445BE3 /* Resources */ = {
			isa = PBXResourcesBuildPhase;
			files = (
			);
		};
		77672742305FC75300445BE3 /* Resources */ = {
			isa = PBXResourcesBuildPhase;
			files = (
			);
		};
		7767278F305FCB2D00445BE3 /* Resources */ = {
			isa = PBXResourcesBuildPhase;
			files = (
			);
		};
		7767279B305FCB2E00445BE3 /* Resources */ = {
			isa = PBXResourcesBuildPhase;
			files = (
			);
		};
		776727A5305FCB2E00445BE3 /* Resources */ = {
			isa = PBXResourcesBuildPhase;
			files = (
			);
		};
/* End PBXResourcesBuildPhase section */

/* Begin PBXSourcesBuildPhase section */
		77672729305FC75200445BE3 /* Sources */ = {
			isa = PBXSourcesBuildPhase;
			files = (
			);
		};
		77672736305FC75300445BE3 /* Sources */ = {
			isa = PBXSourcesBuildPhase;
			files = (
			);
		};
		77672740305FC75300445BE3 /* Sources */ = {
			isa = PBXSourcesBuildPhase;
			files = (
			);
		};
		7767278D305FCB2D00445BE3 /* Sources */ = {
			isa = PBXSourcesBuildPhase;
			files = (
			);
		};
		77672799305FCB2E00445BE3 /* Sources */ = {
			isa = PBXSourcesBuildPhase;
			files = (
			);
		};
		776727A3305FCB2E00445BE3 /* Sources */ = {
			isa = PBXSourcesBuildPhase;
			files = (
			);
		};
/* End PBXSourcesBuildPhase section */

/* Begin PBXTargetDependency section */
		7767273C305FC75300445BE3 /* PBXTargetDependency */ = {
			isa = PBXTargetDependency;
			target = 7767272C305FC75200445BE3 /* SortingGame */;
			targetProxy = 7767273B305FC75300445BE3 /* PBXContainerItemProxy */;
		};
		77672746305FC75300445BE3 /* PBXTargetDependency */ = {
			isa = PBXTargetDependency;
			target = 7767272C305FC75200445BE3 /* SortingGame */;
			targetProxy = 77672745305FC75300445BE3 /* PBXContainerItemProxy */;
		};
		7767279F305FCB2E00445BE3 /* PBXTargetDependency */ = {
			isa = PBXTargetDependency;
			target = 77672790305FCB2D00445BE3 /* SortingGame-iOS */;
			targetProxy = 7767279E305FCB2E00445BE3 /* PBXContainerItemProxy */;
		};
		776727A9305FCB2E00445BE3 /* PBXTargetDependency */ = {
			isa = PBXTargetDependency;
			target = 77672790305FCB2D00445BE3 /* SortingGame-iOS */;
			targetProxy = 776727A8305FCB2E00445BE3 /* PBXContainerItemProxy */;
		};
/* End PBXTargetDependency section */

/* Begin XCBuildConfiguration section */
		7767274A305FC75300445BE3 /* Debug configuration for PBXProject "SortingGame" */ = {
			isa = XCBuildConfiguration;
			buildSettings = {
				ALWAYS_SEARCH_USER_PATHS = NO;
				ASSETCATALOG_COMPILER_GENERATE_SWIFT_ASSET_SYMBOL_EXTENSIONS = YES;
				CLANG_ANALYZER_NONNULL = YES;
				CLANG_ANALYZER_NUMBER_OBJECT_CONVERSION = YES_AGGRESSIVE;
				CLANG_CXX_LANGUAGE_STANDARD = "gnu++20";
				CLANG_ENABLE_MODULES = YES;
				CLANG_ENABLE_OBJC_ARC = YES;
				CLANG_ENABLE_OBJC_WEAK = YES;
				CLANG_WARN_BLOCK_CAPTURE_AUTORELEASING = YES;
				CLANG_WARN_BOOL_CONVERSION = YES;
				CLANG_WARN_COMMA = YES;
				CLANG_WARN_CONSTANT_CONVERSION = YES;
				CLANG_WARN_DEPRECATED_OBJC_IMPLEMENTATIONS = YES;
				CLANG_WARN_DIRECT_OBJC_ISA_USAGE = YES_ERROR;
				CLANG_WARN_DOCUMENTATION_COMMENTS = YES;
				CLANG_WARN_EMPTY_BODY = YES;
				CLANG_WARN_ENUM_CONVERSION = YES;
				CLANG_WARN_INFINITE_RECURSION = YES;
				CLANG_WARN_INT_CONVERSION = YES;
				CLANG_WARN_NON_LITERAL_NULL_CONVERSION = YES;
				CLANG_WARN_OBJC_IMPLICIT_RETAIN_SELF = YES;
				CLANG_WARN_OBJC_LITERAL_CONVERSION = YES;
				CLANG_WARN_OBJC_ROOT_CLASS = YES_ERROR;
				CLANG_WARN_QUOTED_INCLUDE_IN_FRAMEWORK_HEADER = YES;
				CLANG_WARN_RANGE_LOOP_ANALYSIS = YES;
				CLANG_WARN_STRICT_PROTOTYPES = YES;
				CLANG_WARN_SUSPICIOUS_MOVE = YES;
				CLANG_WARN_UNGUARDED_AVAILABILITY = YES_AGGRESSIVE;
				CLANG_WARN_UNREACHABLE_CODE = YES;
				CLANG_WARN__DUPLICATE_METHOD_MATCH = YES;
				COPY_PHASE_STRIP = NO;
				DEBUG_INFORMATION_FORMAT = dwarf;
				DEVELOPMENT_TEAM = L9VJC84TY6;
				ENABLE_STRICT_OBJC_MSGSEND = YES;
				ENABLE_TESTABILITY = YES;
				ENABLE_USER_SCRIPT_SANDBOXING = YES;
				GCC_C_LANGUAGE_STANDARD = gnu17;
				GCC_DYNAMIC_NO_PIC = NO;
				GCC_NO_COMMON_BLOCKS = YES;
				GCC_OPTIMIZATION_LEVEL = 0;
				GCC_PREPROCESSOR_DEFINITIONS = (
					"DEBUG=1",
					"$(inherited)",
				);
				GCC_WARN_64_TO_32_BIT_CONVERSION = YES;
				GCC_WARN_ABOUT_RETURN_TYPE = YES_ERROR;
				GCC_WARN_UNDECLARED_SELECTOR = YES;
				GCC_WARN_UNINITIALIZED_AUTOS = YES_AGGRESSIVE;
				GCC_WARN_UNUSED_FUNCTION = YES;
				GCC_WARN_UNUSED_VARIABLE = YES;
				LOCALIZATION_PREFERS_STRING_CATALOGS = YES;
				MACOSX_DEPLOYMENT_TARGET = 26.6;
				MTL_ENABLE_DEBUG_INFO = INCLUDE_SOURCE;
				MTL_FAST_MATH = YES;
				ONLY_ACTIVE_ARCH = YES;
				SDKROOT = macosx;
				SWIFT_ACTIVE_COMPILATION_CONDITIONS = "DEBUG $(inherited)";
				SWIFT_OPTIMIZATION_LEVEL = "-Onone";
			};
			name = Debug;
		};
		7767274B305FC75300445BE3 /* Release configuration for PBXProject "SortingGame" */ = {
			isa = XCBuildConfiguration;
			buildSettings = {
				ALWAYS_SEARCH_USER_PATHS = NO;
				ASSETCATALOG_COMPILER_GENERATE_SWIFT_ASSET_SYMBOL_EXTENSIONS = YES;
				CLANG_ANALYZER_NONNULL = YES;
				CLANG_ANALYZER_NUMBER_OBJECT_CONVERSION = YES_AGGRESSIVE;
				CLANG_CXX_LANGUAGE_STANDARD = "gnu++20";
				CLANG_ENABLE_MODULES = YES;
				CLANG_ENABLE_OBJC_ARC = YES;
				CLANG_ENABLE_OBJC_WEAK = YES;
				CLANG_WARN_BLOCK_CAPTURE_AUTORELEASING = YES;
				CLANG_WARN_BOOL_CONVERSION = YES;
				CLANG_WARN_COMMA = YES;
				CLANG_WARN_CONSTANT_CONVERSION = YES;
				CLANG_WARN_DEPRECATED_OBJC_IMPLEMENTATIONS = YES;
				CLANG_WARN_DIRECT_OBJC_ISA_USAGE = YES_ERROR;
				CLANG_WARN_DOCUMENTATION_COMMENTS = YES;
				CLANG_WARN_EMPTY_BODY = YES;
				CLANG_WARN_ENUM_CONVERSION = YES;
				CLANG_WARN_INFINITE_RECURSION = YES;
				CLANG_WARN_INT_CONVERSION = YES;
				CLANG_WARN_NON_LITERAL_NULL_CONVERSION = YES;
				CLANG_WARN_OBJC_IMPLICIT_RETAIN_SELF = YES;
				CLANG_WARN_OBJC_LITERAL_CONVERSION = YES;
				CLANG_WARN_OBJC_ROOT_CLASS = YES_ERROR;
				CLANG_WARN_QUOTED_INCLUDE_IN_FRAMEWORK_HEADER = YES;
				CLANG_WARN_RANGE_LOOP_ANALYSIS = YES;
				CLANG_WARN_STRICT_PROTOTYPES = YES;
				CLANG_WARN_SUSPICIOUS_MOVE = YES;
				CLANG_WARN_UNGUARDED_AVAILABILITY = YES_AGGRESSIVE;
				CLANG_WARN_UNREACHABLE_CODE = YES;
				CLANG_WARN__DUPLICATE_METHOD_MATCH = YES;
				COPY_PHASE_STRIP = NO;
				DEBUG_INFORMATION_FORMAT = "dwarf-with-dsym";
				DEVELOPMENT_TEAM = L9VJC84TY6;
				ENABLE_NS_ASSERTIONS = NO;
				ENABLE_STRICT_OBJC_MSGSEND = YES;
				ENABLE_USER_SCRIPT_SANDBOXING = YES;
				GCC_C_LANGUAGE_STANDARD = gnu17;
				GCC_NO_COMMON_BLOCKS = YES;
				GCC_WARN_64_TO_32_BIT_CONVERSION = YES;
				GCC_WARN_ABOUT_RETURN_TYPE = YES_ERROR;
				GCC_WARN_UNDECLARED_SELECTOR = YES;
				GCC_WARN_UNINITIALIZED_AUTOS = YES_AGGRESSIVE;
				GCC_WARN_UNUSED_FUNCTION = YES;
				GCC_WARN_UNUSED_VARIABLE = YES;
				LOCALIZATION_PREFERS_STRING_CATALOGS = YES;
				MACOSX_DEPLOYMENT_TARGET = 26.6;
				MTL_ENABLE_DEBUG_INFO = NO;
				MTL_FAST_MATH = YES;
				SDKROOT = macosx;
				SWIFT_COMPILATION_MODE = wholemodule;
			};
			name = Release;
		};
		7767274D305FC75300445BE3 /* Debug configuration for PBXNativeTarget "SortingGame" */ = {
			isa = XCBuildConfiguration;
			buildSettings = {
				ASSETCATALOG_COMPILER_APPICON_NAME = AppIcon;
				ASSETCATALOG_COMPILER_GLOBAL_ACCENT_COLOR_NAME = AccentColor;
				CODE_SIGN_STYLE = Automatic;
				COMBINE_HIDPI_IMAGES = YES;
				CURRENT_PROJECT_VERSION = 1;
				DEVELOPMENT_TEAM = L9VJC84TY6;
				ENABLE_APP_SANDBOX = YES;
				ENABLE_HARDENED_RUNTIME = YES;
				ENABLE_PREVIEWS = YES;
				ENABLE_USER_SELECTED_FILES = readonly;
				GENERATE_INFOPLIST_FILE = YES;
				INFOPLIST_KEY_CFBundleDisplayName = "猜瓶子";
				INFOPLIST_KEY_NSHumanReadableCopyright = "";
				LD_RUNPATH_SEARCH_PATHS = (
					"$(inherited)",
					"@executable_path/../Frameworks",
				);
				MARKETING_VERSION = 1.0;
				PRODUCT_BUNDLE_IDENTIFIER = com.onsoft.SortingGame;
				PRODUCT_NAME = "$(TARGET_NAME)";
				REGISTER_APP_GROUPS = YES;
				STRING_CATALOG_GENERATE_SYMBOLS = YES;
				SWIFT_APPROACHABLE_CONCURRENCY = YES;
				SWIFT_DEFAULT_ACTOR_ISOLATION = MainActor;
				SWIFT_EMIT_LOC_STRINGS = YES;
				SWIFT_UPCOMING_FEATURE_MEMBER_IMPORT_VISIBILITY = YES;
				SWIFT_VERSION = 5.0;
			};
			name = Debug;
		};
		7767274E305FC75300445BE3 /* Release configuration for PBXNativeTarget "SortingGame" */ = {
			isa = XCBuildConfiguration;
			buildSettings = {
				ASSETCATALOG_COMPILER_APPICON_NAME = AppIcon;
				ASSETCATALOG_COMPILER_GLOBAL_ACCENT_COLOR_NAME = AccentColor;
				CODE_SIGN_STYLE = Automatic;
				COMBINE_HIDPI_IMAGES = YES;
				CURRENT_PROJECT_VERSION = 1;
				DEVELOPMENT_TEAM = L9VJC84TY6;
				ENABLE_APP_SANDBOX = YES;
				ENABLE_HARDENED_RUNTIME = YES;
				ENABLE_PREVIEWS = YES;
				ENABLE_USER_SELECTED_FILES = readonly;
				GENERATE_INFOPLIST_FILE = YES;
				INFOPLIST_KEY_CFBundleDisplayName = "猜瓶子";
				INFOPLIST_KEY_NSHumanReadableCopyright = "";
				LD_RUNPATH_SEARCH_PATHS = (
					"$(inherited)",
					"@executable_path/../Frameworks",
				);
				MARKETING_VERSION = 1.0;
				PRODUCT_BUNDLE_IDENTIFIER = com.onsoft.SortingGame;
				PRODUCT_NAME = "$(TARGET_NAME)";
				REGISTER_APP_GROUPS = YES;
				STRING_CATALOG_GENERATE_SYMBOLS = YES;
				SWIFT_APPROACHABLE_CONCURRENCY = YES;
				SWIFT_DEFAULT_ACTOR_ISOLATION = MainActor;
				SWIFT_EMIT_LOC_STRINGS = YES;
				SWIFT_UPCOMING_FEATURE_MEMBER_IMPORT_VISIBILITY = YES;
				SWIFT_VERSION = 5.0;
			};
			name = Release;
		};
		77672750305FC75300445BE3 /* Debug configuration for PBXNativeTarget "SortingGameTests" */ = {
			isa = XCBuildConfiguration;
			buildSettings = {
				BUNDLE_LOADER = "$(TEST_HOST)";
				CODE_SIGN_STYLE = Automatic;
				CURRENT_PROJECT_VERSION = 1;
				DEVELOPMENT_TEAM = L9VJC84TY6;
				GENERATE_INFOPLIST_FILE = YES;
				MACOSX_DEPLOYMENT_TARGET = 26.6;
				MARKETING_VERSION = 1.0;
				PRODUCT_BUNDLE_IDENTIFIER = com.onsoft.SortingGameTests;
				PRODUCT_NAME = "$(TARGET_NAME)";
				STRING_CATALOG_GENERATE_SYMBOLS = NO;
				SWIFT_APPROACHABLE_CONCURRENCY = YES;
				SWIFT_EMIT_LOC_STRINGS = NO;
				SWIFT_UPCOMING_FEATURE_MEMBER_IMPORT_VISIBILITY = YES;
				SWIFT_VERSION = 5.0;
				TEST_HOST = "$(BUILT_PRODUCTS_DIR)/SortingGame.app/$(BUNDLE_EXECUTABLE_FOLDER_PATH)/SortingGame";
			};
			name = Debug;
		};
		77672751305FC75300445BE3 /* Release configuration for PBXNativeTarget "SortingGameTests" */ = {
			isa = XCBuildConfiguration;
			buildSettings = {
				BUNDLE_LOADER = "$(TEST_HOST)";
				CODE_SIGN_STYLE = Automatic;
				CURRENT_PROJECT_VERSION = 1;
				DEVELOPMENT_TEAM = L9VJC84TY6;
				GENERATE_INFOPLIST_FILE = YES;
				MACOSX_DEPLOYMENT_TARGET = 26.6;
				MARKETING_VERSION = 1.0;
				PRODUCT_BUNDLE_IDENTIFIER = com.onsoft.SortingGameTests;
				PRODUCT_NAME = "$(TARGET_NAME)";
				STRING_CATALOG_GENERATE_SYMBOLS = NO;
				SWIFT_APPROACHABLE_CONCURRENCY = YES;
				SWIFT_EMIT_LOC_STRINGS = NO;
				SWIFT_UPCOMING_FEATURE_MEMBER_IMPORT_VISIBILITY = YES;
				SWIFT_VERSION = 5.0;
				TEST_HOST = "$(BUILT_PRODUCTS_DIR)/SortingGame.app/$(BUNDLE_EXECUTABLE_FOLDER_PATH)/SortingGame";
			};
			name = Release;
		};
		77672753305FC75300445BE3 /* Debug configuration for PBXNativeTarget "SortingGameUITests" */ = {
			isa = XCBuildConfiguration;
			buildSettings = {
				CODE_SIGN_STYLE = Automatic;
				CURRENT_PROJECT_VERSION = 1;
				DEVELOPMENT_TEAM = L9VJC84TY6;
				GENERATE_INFOPLIST_FILE = YES;
				MARKETING_VERSION = 1.0;
				PRODUCT_BUNDLE_IDENTIFIER = com.onsoft.SortingGameUITests;
				PRODUCT_NAME = "$(TARGET_NAME)";
				STRING_CATALOG_GENERATE_SYMBOLS = NO;
				SWIFT_APPROACHABLE_CONCURRENCY = YES;
				SWIFT_EMIT_LOC_STRINGS = NO;
				SWIFT_UPCOMING_FEATURE_MEMBER_IMPORT_VISIBILITY = YES;
				SWIFT_VERSION = 5.0;
				TEST_TARGET_NAME = SortingGame;
			};
			name = Debug;
		};
		77672754305FC75300445BE3 /* Release configuration for PBXNativeTarget "SortingGameUITests" */ = {
			isa = XCBuildConfiguration;
			buildSettings = {
				CODE_SIGN_STYLE = Automatic;
				CURRENT_PROJECT_VERSION = 1;
				DEVELOPMENT_TEAM = L9VJC84TY6;
				GENERATE_INFOPLIST_FILE = YES;
				MARKETING_VERSION = 1.0;
				PRODUCT_BUNDLE_IDENTIFIER = com.onsoft.SortingGameUITests;
				PRODUCT_NAME = "$(TARGET_NAME)";
				STRING_CATALOG_GENERATE_SYMBOLS = NO;
				SWIFT_APPROACHABLE_CONCURRENCY = YES;
				SWIFT_EMIT_LOC_STRINGS = NO;
				SWIFT_UPCOMING_FEATURE_MEMBER_IMPORT_VISIBILITY = YES;
				SWIFT_VERSION = 5.0;
				TEST_TARGET_NAME = SortingGame;
			};
			name = Release;
		};
		776727AD305FCB2E00445BE3 /* Debug configuration for PBXNativeTarget "SortingGame-iOS" */ = {
			isa = XCBuildConfiguration;
			buildSettings = {
				ASSETCATALOG_COMPILER_APPICON_NAME = AppIcon;
				ASSETCATALOG_COMPILER_GLOBAL_ACCENT_COLOR_NAME = AccentColor;
				CODE_SIGN_STYLE = Automatic;
				CURRENT_PROJECT_VERSION = 1;
				DEVELOPMENT_TEAM = L9VJC84TY6;
				ENABLE_PREVIEWS = YES;
				GENERATE_INFOPLIST_FILE = YES;
				INFOPLIST_KEY_CFBundleDisplayName = "猜瓶子";
				INFOPLIST_KEY_UIApplicationSceneManifest_Generation = YES;
				INFOPLIST_KEY_UIApplicationSupportsIndirectInputEvents = YES;
				INFOPLIST_KEY_UILaunchScreen_Generation = YES;
				INFOPLIST_KEY_UISupportedInterfaceOrientations_iPad = "UIInterfaceOrientationPortrait UIInterfaceOrientationPortraitUpsideDown UIInterfaceOrientationLandscapeLeft UIInterfaceOrientationLandscapeRight";
				INFOPLIST_KEY_UISupportedInterfaceOrientations_iPhone = "UIInterfaceOrientationLandscapeLeft UIInterfaceOrientationLandscapeRight";
				IPHONEOS_DEPLOYMENT_TARGET = 26.0;
				LD_RUNPATH_SEARCH_PATHS = (
					"$(inherited)",
					"@executable_path/Frameworks",
				);
				MARKETING_VERSION = 1.0;
				PRODUCT_BUNDLE_IDENTIFIER = "com.onsoft.SortingGame-iOS";
				PRODUCT_NAME = "$(TARGET_NAME)";
				SDKROOT = iphoneos;
				STRING_CATALOG_GENERATE_SYMBOLS = YES;
				SWIFT_APPROACHABLE_CONCURRENCY = YES;
				SWIFT_DEFAULT_ACTOR_ISOLATION = MainActor;
				SWIFT_EMIT_LOC_STRINGS = YES;
				SWIFT_UPCOMING_FEATURE_MEMBER_IMPORT_VISIBILITY = YES;
				SWIFT_VERSION = 5.0;
				TARGETED_DEVICE_FAMILY = "1,2";
			};
			name = Debug;
		};
		776727AE305FCB2E00445BE3 /* Release configuration for PBXNativeTarget "SortingGame-iOS" */ = {
			isa = XCBuildConfiguration;
			buildSettings = {
				ASSETCATALOG_COMPILER_APPICON_NAME = AppIcon;
				ASSETCATALOG_COMPILER_GLOBAL_ACCENT_COLOR_NAME = AccentColor;
				CODE_SIGN_STYLE = Automatic;
				CURRENT_PROJECT_VERSION = 1;
				DEVELOPMENT_TEAM = L9VJC84TY6;
				ENABLE_PREVIEWS = YES;
				GENERATE_INFOPLIST_FILE = YES;
				INFOPLIST_KEY_CFBundleDisplayName = "猜瓶子";
				INFOPLIST_KEY_UIApplicationSceneManifest_Generation = YES;
				INFOPLIST_KEY_UIApplicationSupportsIndirectInputEvents = YES;
				INFOPLIST_KEY_UILaunchScreen_Generation = YES;
				INFOPLIST_KEY_UISupportedInterfaceOrientations_iPad = "UIInterfaceOrientationPortrait UIInterfaceOrientationPortraitUpsideDown UIInterfaceOrientationLandscapeLeft UIInterfaceOrientationLandscapeRight";
				INFOPLIST_KEY_UISupportedInterfaceOrientations_iPhone = "UIInterfaceOrientationLandscapeLeft UIInterfaceOrientationLandscapeRight";
				IPHONEOS_DEPLOYMENT_TARGET = 26.0;
				LD_RUNPATH_SEARCH_PATHS = (
					"$(inherited)",
					"@executable_path/Frameworks",
				);
				MARKETING_VERSION = 1.0;
				PRODUCT_BUNDLE_IDENTIFIER = "com.onsoft.SortingGame-iOS";
				PRODUCT_NAME = "$(TARGET_NAME)";
				SDKROOT = iphoneos;
				STRING_CATALOG_GENERATE_SYMBOLS = YES;
				SWIFT_APPROACHABLE_CONCURRENCY = YES;
				SWIFT_DEFAULT_ACTOR_ISOLATION = MainActor;
				SWIFT_EMIT_LOC_STRINGS = YES;
				SWIFT_UPCOMING_FEATURE_MEMBER_IMPORT_VISIBILITY = YES;
				SWIFT_VERSION = 5.0;
				TARGETED_DEVICE_FAMILY = "1,2";
				VALIDATE_PRODUCT = YES;
			};
			name = Release;
		};
		776727AF305FCB2E00445BE3 /* Debug configuration for PBXNativeTarget "SortingGame-iOSTests" */ = {
			isa = XCBuildConfiguration;
			buildSettings = {
				BUNDLE_LOADER = "$(TEST_HOST)";
				CODE_SIGN_STYLE = Automatic;
				CURRENT_PROJECT_VERSION = 1;
				DEVELOPMENT_TEAM = L9VJC84TY6;
				GENERATE_INFOPLIST_FILE = YES;
				IPHONEOS_DEPLOYMENT_TARGET = 26.0;
				MARKETING_VERSION = 1.0;
				PRODUCT_BUNDLE_IDENTIFIER = "com.onsoft.SortingGame-iOSTests";
				PRODUCT_NAME = "$(TARGET_NAME)";
				SDKROOT = iphoneos;
				STRING_CATALOG_GENERATE_SYMBOLS = NO;
				SWIFT_APPROACHABLE_CONCURRENCY = YES;
				SWIFT_EMIT_LOC_STRINGS = NO;
				SWIFT_UPCOMING_FEATURE_MEMBER_IMPORT_VISIBILITY = YES;
				SWIFT_VERSION = 5.0;
				TARGETED_DEVICE_FAMILY = "1,2";
				TEST_HOST = "$(BUILT_PRODUCTS_DIR)/SortingGame-iOS.app/$(BUNDLE_EXECUTABLE_FOLDER_PATH)/SortingGame-iOS";
			};
			name = Debug;
		};
		776727B0305FCB2E00445BE3 /* Release configuration for PBXNativeTarget "SortingGame-iOSTests" */ = {
			isa = XCBuildConfiguration;
			buildSettings = {
				BUNDLE_LOADER = "$(TEST_HOST)";
				CODE_SIGN_STYLE = Automatic;
				CURRENT_PROJECT_VERSION = 1;
				DEVELOPMENT_TEAM = L9VJC84TY6;
				GENERATE_INFOPLIST_FILE = YES;
				IPHONEOS_DEPLOYMENT_TARGET = 26.0;
				MARKETING_VERSION = 1.0;
				PRODUCT_BUNDLE_IDENTIFIER = "com.onsoft.SortingGame-iOSTests";
				PRODUCT_NAME = "$(TARGET_NAME)";
				SDKROOT = iphoneos;
				STRING_CATALOG_GENERATE_SYMBOLS = NO;
				SWIFT_APPROACHABLE_CONCURRENCY = YES;
				SWIFT_EMIT_LOC_STRINGS = NO;
				SWIFT_UPCOMING_FEATURE_MEMBER_IMPORT_VISIBILITY = YES;
				SWIFT_VERSION = 5.0;
				TARGETED_DEVICE_FAMILY = "1,2";
				TEST_HOST = "$(BUILT_PRODUCTS_DIR)/SortingGame-iOS.app/$(BUNDLE_EXECUTABLE_FOLDER_PATH)/SortingGame-iOS";
				VALIDATE_PRODUCT = YES;
			};
			name = Release;
		};
		776727B1305FCB2E00445BE3 /* Debug configuration for PBXNativeTarget "SortingGame-iOSUITests" */ = {
			isa = XCBuildConfiguration;
			buildSettings = {
				CODE_SIGN_STYLE = Automatic;
				CURRENT_PROJECT_VERSION = 1;
				DEVELOPMENT_TEAM = L9VJC84TY6;
				GENERATE_INFOPLIST_FILE = YES;
				IPHONEOS_DEPLOYMENT_TARGET = 26.0;
				MARKETING_VERSION = 1.0;
				PRODUCT_BUNDLE_IDENTIFIER = "com.onsoft.SortingGame-iOSUITests";
				PRODUCT_NAME = "$(TARGET_NAME)";
				SDKROOT = iphoneos;
				STRING_CATALOG_GENERATE_SYMBOLS = NO;
				SWIFT_APPROACHABLE_CONCURRENCY = YES;
				SWIFT_EMIT_LOC_STRINGS = NO;
				SWIFT_UPCOMING_FEATURE_MEMBER_IMPORT_VISIBILITY = YES;
				SWIFT_VERSION = 5.0;
				TARGETED_DEVICE_FAMILY = "1,2";
				TEST_TARGET_NAME = "SortingGame-iOS";
			};
			name = Debug;
		};
		776727B2305FCB2E00445BE3 /* Release configuration for PBXNativeTarget "SortingGame-iOSUITests" */ = {
			isa = XCBuildConfiguration;
			buildSettings = {
				CODE_SIGN_STYLE = Automatic;
				CURRENT_PROJECT_VERSION = 1;
				DEVELOPMENT_TEAM = L9VJC84TY6;
				GENERATE_INFOPLIST_FILE = YES;
				IPHONEOS_DEPLOYMENT_TARGET = 26.0;
				MARKETING_VERSION = 1.0;
				PRODUCT_BUNDLE_IDENTIFIER = "com.onsoft.SortingGame-iOSUITests";
				PRODUCT_NAME = "$(TARGET_NAME)";
				SDKROOT = iphoneos;
				STRING_CATALOG_GENERATE_SYMBOLS = NO;
				SWIFT_APPROACHABLE_CONCURRENCY = YES;
				SWIFT_EMIT_LOC_STRINGS = NO;
				SWIFT_UPCOMING_FEATURE_MEMBER_IMPORT_VISIBILITY = YES;
				SWIFT_VERSION = 5.0;
				TARGETED_DEVICE_FAMILY = "1,2";
				TEST_TARGET_NAME = "SortingGame-iOS";
				VALIDATE_PRODUCT = YES;
			};
			name = Release;
		};
/* End XCBuildConfiguration section */

/* Begin XCConfigurationList section */
		77672728305FC75200445BE3 /* Build configuration list for PBXProject "SortingGame" */ = {
			isa = XCConfigurationList;
			buildConfigurations = (
				7767274A305FC75300445BE3 /* Debug configuration for PBXProject "SortingGame" */,
				7767274B305FC75300445BE3 /* Release configuration for PBXProject "SortingGame" */,
			);
			defaultConfigurationName = Release;
		};
		7767274C305FC75300445BE3 /* Build configuration list for PBXNativeTarget "SortingGame" */ = {
			isa = XCConfigurationList;
			buildConfigurations = (
				7767274D305FC75300445BE3 /* Debug configuration for PBXNativeTarget "SortingGame" */,
				7767274E305FC75300445BE3 /* Release configuration for PBXNativeTarget "SortingGame" */,
			);
			defaultConfigurationName = Release;
		};
		7767274F305FC75300445BE3 /* Build configuration list for PBXNativeTarget "SortingGameTests" */ = {
			isa = XCConfigurationList;
			buildConfigurations = (
				77672750305FC75300445BE3 /* Debug configuration for PBXNativeTarget "SortingGameTests" */,
				77672751305FC75300445BE3 /* Release configuration for PBXNativeTarget "SortingGameTests" */,
			);
			defaultConfigurationName = Release;
		};
		77672752305FC75300445BE3 /* Build configuration list for PBXNativeTarget "SortingGameUITests" */ = {
			isa = XCConfigurationList;
			buildConfigurations = (
				77672753305FC75300445BE3 /* Debug configuration for PBXNativeTarget "SortingGameUITests" */,
				77672754305FC75300445BE3 /* Release configuration for PBXNativeTarget "SortingGameUITests" */,
			);
			defaultConfigurationName = Release;
		};
		776727B3305FCB2E00445BE3 /* Build configuration list for PBXNativeTarget "SortingGame-iOS" */ = {
			isa = XCConfigurationList;
			buildConfigurations = (
				776727AD305FCB2E00445BE3 /* Debug configuration for PBXNativeTarget "SortingGame-iOS" */,
				776727AE305FCB2E00445BE3 /* Release configuration for PBXNativeTarget "SortingGame-iOS" */,
			);
			defaultConfigurationName = Release;
		};
		776727B4305FCB2E00445BE3 /* Build configuration list for PBXNativeTarget "SortingGame-iOSTests" */ = {
			isa = XCConfigurationList;
			buildConfigurations = (
				776727AF305FCB2E00445BE3 /* Debug configuration for PBXNativeTarget "SortingGame-iOSTests" */,
				776727B0305FCB2E00445BE3 /* Release configuration for PBXNativeTarget "SortingGame-iOSTests" */,
			);
			defaultConfigurationName = Release;
		};
		776727B5305FCB2E00445BE3 /* Build configuration list for PBXNativeTarget "SortingGame-iOSUITests" */ = {
			isa = XCConfigurationList;
			buildConfigurations = (
				776727B1305FCB2E00445BE3 /* Debug configuration for PBXNativeTarget "SortingGame-iOSUITests" */,
				776727B2305FCB2E00445BE3 /* Release configuration for PBXNativeTarget "SortingGame-iOSUITests" */,
			);
			defaultConfigurationName = Release;
		};
/* End XCConfigurationList section */
	};
	rootObject = 77672725305FC75200445BE3 /* Project object */;
	validationLevel = 1;
}
